
Microsoft Visual Studio Solution File, Format Version 12.00
# Visual Studio Version 16
VisualStudioVersion = 16.0.29411.108
MinimumVisualStudioVersion = 10.0.40219.1
Project("{8BC9CEB8-8B4A-11D0-8D11-00A0C91BC942}") = "wlac2-all", "wlac2-all.vcxproj", "{87A276DE-CC6F-4B06-830B-93CC6B4607ED}"
EndProject
Project("{2150E333-8FDC-42A3-9474-1A3956D46DE8}") = "projects", "projects", "{11B55E83-A009-49C5-8903-197D317E04E9}"
EndProject
Project("{8BC9CEB8-8B4A-11D0-8D11-00A0C91BC942}") = "wlac_test", "..\..\prj\test\wlac_test_vs\wlac_test.vcxproj", "{1C779CA8-8077-43AD-83A5-8908042467C6}"
	ProjectSection(ProjectDependencies) = postProject
		{326F89E8-67F0-497C-BE78-7E028C4FDFD6} = {326F89E8-67F0-497C-BE78-7E028C4FDFD6}
	EndProjectSection
EndProject
Project("{2150E333-8FDC-42A3-9474-1A3956D46DE8}") = "core", "core", "{4A4A25EC-E7EC-416C-8C53-9165E6219515}"
EndProject
Project("{2150E333-8FDC-42A3-9474-1A3956D46DE8}") = "tools", "tools", "{59E094EA-3396-41B0-AC94-C029FE6A69D5}"
EndProject
Project("{8BC9CEB8-8B4A-11D0-8D11-00A0C91BC942}") = "rpc_bind", "..\..\prj\rpc_bind\rpc_bind_vs\rpc_bind.vcxproj", "{A9096CAB-6157-4ED8-94AA-C66AD8688D3C}"
	ProjectSection(ProjectDependencies) = postProject
		{DA4CC78F-B152-48B6-AA66-00A5996689A2} = {DA4CC78F-B152-48B6-AA66-00A5996689A2}
	EndProjectSection
EndProject
Project("{2150E333-8FDC-42A3-9474-1A3956D46DE8}") = "utillib", "utillib", "{232F4457-075D-4BEE-9D99-795B7B7BA5C7}"
EndProject
Project("{8BC9CEB8-8B4A-11D0-8D11-00A0C91BC942}") = "mini_xdr_rpc", "..\..\prj\xdrrpc\mini_xdr_rpc_vs\mini_xdr_rpc.vcxproj", "{DA4CC78F-B152-48B6-AA66-00A5996689A2}"
	ProjectSection(ProjectDependencies) = postProject
		{326F89E8-67F0-497C-BE78-7E028C4FDFD6} = {326F89E8-67F0-497C-BE78-7E028C4FDFD6}
	EndProjectSection
EndProject
Project("{8BC9CEB8-8B4A-11D0-8D11-00A0C91BC942}") = "grep", "..\..\prj\tools\grep_vs\grep.vcxproj", "{235F5985-D002-4E3E-8B5C-D51BA6B4BBE7}"
	ProjectSection(ProjectDependencies) = postProject
		{87A276DE-CC6F-4B06-830B-93CC6B4607ED} = {87A276DE-CC6F-4B06-830B-93CC6B4607ED}
	EndProjectSection
EndProject
Project("{8BC9CEB8-8B4A-11D0-8D11-00A0C91BC942}") = "ldd", "..\..\prj\tools\ldd_vs\ldd.vcxproj", "{A03966D1-4449-4586-9185-3B70B8B72AD0}"
	ProjectSection(ProjectDependencies) = postProject
		{87A276DE-CC6F-4B06-830B-93CC6B4607ED} = {87A276DE-CC6F-4B06-830B-93CC6B4607ED}
	EndProjectSection
EndProject
Project("{8BC9CEB8-8B4A-11D0-8D11-00A0C91BC942}") = "start_windows_app", "..\..\prj\tools\start_windows_app_vs\start_windows_app.vcxproj", "{28DBB968-31B2-4016-A127-EDA8DAD09303}"
	ProjectSection(ProjectDependencies) = postProject
		{5B6B6F2A-5F3B-4496-99E8-E1F55BC370E9} = {5B6B6F2A-5F3B-4496-99E8-E1F55BC370E9}
	EndProjectSection
EndProject
Project("{8BC9CEB8-8B4A-11D0-8D11-00A0C91BC942}") = "ufind", "..\..\prj\tools\ufind_vs\ufind.vcxproj", "{667742F0-9DE5-46A7-B9CD-07776617E3D4}"
	ProjectSection(ProjectDependencies) = postProject
		{87A276DE-CC6F-4B06-830B-93CC6B4607ED} = {87A276DE-CC6F-4B06-830B-93CC6B4607ED}
	EndProjectSection
EndProject
Project("{8BC9CEB8-8B4A-11D0-8D11-00A0C91BC942}") = "usergroupid", "..\..\prj\usergroupid\usergroupid_vs\usergroupid.vcxproj", "{24A96CB6-8A8E-4A57-9D90-31E6AEABDA49}"
	ProjectSection(ProjectDependencies) = postProject
		{87A276DE-CC6F-4B06-830B-93CC6B4607ED} = {87A276DE-CC6F-4B06-830B-93CC6B4607ED}
	EndProjectSection
EndProject
Project("{8BC9CEB8-8B4A-11D0-8D11-00A0C91BC942}") = "newwinldap", "..\..\prj\winldap\newwinldap_vs\newwinldap.vcxproj", "{70D8ED40-C65A-44D1-B718-E9331ADFC989}"
	ProjectSection(ProjectDependencies) = postProject
		{87A276DE-CC6F-4B06-830B-93CC6B4607ED} = {87A276DE-CC6F-4B06-830B-93CC6B4607ED}
	EndProjectSection
EndProject
Project("{2150E333-8FDC-42A3-9474-1A3956D46DE8}") = "util", "util", "{40D5A6B8-BACB-4802-BC77-BDD6E9F40B67}"
EndProject
Project("{8BC9CEB8-8B4A-11D0-8D11-00A0C91BC942}") = "make_symbols_exportable", "..\..\prj\util\make_symbols_exportable_vs\make_symbols_exportable.vcxproj", "{A8EFCD07-9FA4-4E94-AFE2-3ED6B0700653}"
	ProjectSection(ProjectDependencies) = postProject
		{87A276DE-CC6F-4B06-830B-93CC6B4607ED} = {87A276DE-CC6F-4B06-830B-93CC6B4607ED}
	EndProjectSection
EndProject
Project("{8BC9CEB8-8B4A-11D0-8D11-00A0C91BC942}") = "set_environment", "..\..\prj\tools\set_environment_vs\set_environment.vcxproj", "{DA1EF55E-BD72-4A55-9EEA-AC192F00DF79}"
	ProjectSection(ProjectDependencies) = postProject
		{87A276DE-CC6F-4B06-830B-93CC6B4607ED} = {87A276DE-CC6F-4B06-830B-93CC6B4607ED}
	EndProjectSection
EndProject
Project("{2150E333-8FDC-42A3-9474-1A3956D46DE8}") = "tests", "tests", "{C9EAD422-9C7A-41B4-8871-0A9024AA231A}"
EndProject
Project("{8BC9CEB8-8B4A-11D0-8D11-00A0C91BC942}") = "agressor_exe", "..\..\prj\test\agressor_exe_vs\agressor_exe.vcxproj", "{6B1B4EC5-93BF-4991-8C13-5C826A9D7D24}"
	ProjectSection(ProjectDependencies) = postProject
		{F3CCCE19-61F1-4C0E-BCB6-DED29355B278} = {F3CCCE19-61F1-4C0E-BCB6-DED29355B278}
	EndProjectSection
EndProject
Project("{2150E333-8FDC-42A3-9474-1A3956D46DE8}") = "installers", "installers", "{C19BFA22-7C63-4647-8D8A-BA543566BDC4}"
EndProject
Project("{8BC9CEB8-8B4A-11D0-8D11-00A0C91BC942}") = "victim_test", "..\..\prj\test\victim_test_vs\victim_test.vcxproj", "{C6740C73-A5A4-4FD6-A1ED-DE0EEEF6E618}"
	ProjectSection(ProjectDependencies) = postProject
		{87A276DE-CC6F-4B06-830B-93CC6B4607ED} = {87A276DE-CC6F-4B06-830B-93CC6B4607ED}
	EndProjectSection
EndProject
Project("{8BC9CEB8-8B4A-11D0-8D11-00A0C91BC942}") = "wlac_install_update_uninstall", "..\..\prj\install\wlac_install_update_uninstall_vs\wlac_install_update_uninstall.vcxproj", "{6750B814-F742-4B80-B723-DAB94542547C}"
	ProjectSection(ProjectDependencies) = postProject
		{87A276DE-CC6F-4B06-830B-93CC6B4607ED} = {87A276DE-CC6F-4B06-830B-93CC6B4607ED}
	EndProjectSection
EndProject
Project("{8BC9CEB8-8B4A-11D0-8D11-00A0C91BC942}") = "make_classes_exportable", "..\..\prj\util\make_classes_exportable_vs\make_classes_exportable.vcxproj", "{35D67842-A951-4EEE-97BF-551924A66D4E}"
	ProjectSection(ProjectDependencies) = postProject
		{87A276DE-CC6F-4B06-830B-93CC6B4607ED} = {87A276DE-CC6F-4B06-830B-93CC6B4607ED}
	EndProjectSection
EndProject
Project("{8BC9CEB8-8B4A-11D0-8D11-00A0C91BC942}") = "wlac_threading_test", "..\..\prj\test\wlac_threading_test_vs\wlac_threading_test.vcxproj", "{5E66DF76-852F-46E6-B7DD-C3F90637EE2A}"
	ProjectSection(ProjectDependencies) = postProject
		{326F89E8-67F0-497C-BE78-7E028C4FDFD6} = {326F89E8-67F0-497C-BE78-7E028C4FDFD6}
	EndProjectSection
EndProject
Project("{8BC9CEB8-8B4A-11D0-8D11-00A0C91BC942}") = "change_word_by_other_word", "..\..\prj\util\change_word_by_other_word_vs\change_word_by_other_word.vcxproj", "{482C88F0-A346-4138-BA50-29D7A8B0B9B0}"
	ProjectSection(ProjectDependencies) = postProject
		{87A276DE-CC6F-4B06-830B-93CC6B4607ED} = {87A276DE-CC6F-4B06-830B-93CC6B4607ED}
	EndProjectSection
EndProject
Project("{8BC9CEB8-8B4A-11D0-8D11-00A0C91BC942}") = "rfc2", "..\..\prj\rfc2\rfc2_vs\rfc2.vcxproj", "{5B6B6F2A-5F3B-4496-99E8-E1F55BC370E9}"
	ProjectSection(ProjectDependencies) = postProject
		{6C7E06B5-78D4-4231-B46F-D6A754DE118A} = {6C7E06B5-78D4-4231-B46F-D6A754DE118A}
	EndProjectSection
EndProject
Project("{8BC9CEB8-8B4A-11D0-8D11-00A0C91BC942}") = "rfc3_tests_for_next", "..\..\prj\rfc2\rfc3_tests_for_next_vs\rfc3_tests_for_next.vcxproj", "{6E274A04-4DE2-4D7B-86AF-8512E89C338E}"
	ProjectSection(ProjectDependencies) = postProject
		{87A276DE-CC6F-4B06-830B-93CC6B4607ED} = {87A276DE-CC6F-4B06-830B-93CC6B4607ED}
	EndProjectSection
EndProject
Project("{8BC9CEB8-8B4A-11D0-8D11-00A0C91BC942}") = "win_signaling2", "..\..\prj\wlac2\win_signaling2_vs\win_signaling2.vcxproj", "{F3CCCE19-61F1-4C0E-BCB6-DED29355B278}"
	ProjectSection(ProjectDependencies) = postProject
		{6E274A04-4DE2-4D7B-86AF-8512E89C338E} = {6E274A04-4DE2-4D7B-86AF-8512E89C338E}
	EndProjectSection
EndProject
Project("{8BC9CEB8-8B4A-11D0-8D11-00A0C91BC942}") = "wlac2", "..\..\prj\wlac2\wlac2_vs\wlac2.vcxproj", "{326F89E8-67F0-497C-BE78-7E028C4FDFD6}"
	ProjectSection(ProjectDependencies) = postProject
		{5B6B6F2A-5F3B-4496-99E8-E1F55BC370E9} = {5B6B6F2A-5F3B-4496-99E8-E1F55BC370E9}
	EndProjectSection
EndProject
Project("{8BC9CEB8-8B4A-11D0-8D11-00A0C91BC942}") = "remote_function_call_false_without_lib2", "..\..\prj\rfc2\remote_function_call_false_without_lib2_vs\remote_function_call_false_without_lib2.vcxproj", "{6C7E06B5-78D4-4231-B46F-D6A754DE118A}"
	ProjectSection(ProjectDependencies) = postProject
		{87A276DE-CC6F-4B06-830B-93CC6B4607ED} = {87A276DE-CC6F-4B06-830B-93CC6B4607ED}
	EndProjectSection
EndProject
Project("{2150E333-8FDC-42A3-9474-1A3956D46DE8}") = "files", "files", "{36B69E04-2A90-4C24-8B45-1716B6B47F07}"
	ProjectSection(SolutionItems) = preProject
		..\..\util\batch_set_windows_target_platform.bat = ..\..\util\batch_set_windows_target_platform.bat
	EndProjectSection
EndProject
Project("{8BC9CEB8-8B4A-11D0-8D11-00A0C91BC942}") = "ukill", "..\..\prj\tools\ukill_vs\ukill.vcxproj", "{B6891AD2-71C2-44B7-9403-DD3BB839B126}"
	ProjectSection(ProjectDependencies) = postProject
		{5B6B6F2A-5F3B-4496-99E8-E1F55BC370E9} = {5B6B6F2A-5F3B-4496-99E8-E1F55BC370E9}
	EndProjectSection
EndProject
Project("{8BC9CEB8-8B4A-11D0-8D11-00A0C91BC942}") = "make_functions_exportable", "..\..\prj\util\make_functions_exportable_vs\make_functions_exportable.vcxproj", "{0FFBECB4-FAF1-456D-9304-4A7A13AEADB5}"
	ProjectSection(ProjectDependencies) = postProject
		{87A276DE-CC6F-4B06-830B-93CC6B4607ED} = {87A276DE-CC6F-4B06-830B-93CC6B4607ED}
	EndProjectSection
EndProject
Project("{8BC9CEB8-8B4A-11D0-8D11-00A0C91BC942}") = "set_windows_target_platform", "..\..\prj\util\set_windows_target_platform_vs\set_windows_target_platform.vcxproj", "{C51923CD-B052-48F6-A9E2-FFC2E4CC1C00}"
	ProjectSection(ProjectDependencies) = postProject
		{87A276DE-CC6F-4B06-830B-93CC6B4607ED} = {87A276DE-CC6F-4B06-830B-93CC6B4607ED}
	EndProjectSection
EndProject
Global
	GlobalSection(SolutionConfigurationPlatforms) = preSolution
		Debug|ARM = Debug|ARM
		Debug|ARM64 = Debug|ARM64
		Debug|x64 = Debug|x64
		Debug|x86 = Debug|x86
		Release|ARM = Release|ARM
		Release|ARM64 = Release|ARM64
		Release|x64 = Release|x64
		Release|x86 = Release|x86
	EndGlobalSection
	GlobalSection(ProjectConfigurationPlatforms) = postSolution
		{87A276DE-CC6F-4B06-830B-93CC6B4607ED}.Debug|ARM.ActiveCfg = Debug|ARM
		{87A276DE-CC6F-4B06-830B-93CC6B4607ED}.Debug|ARM.Build.0 = Debug|ARM
		{87A276DE-CC6F-4B06-830B-93CC6B4607ED}.Debug|ARM64.ActiveCfg = Debug|ARM64
		{87A276DE-CC6F-4B06-830B-93CC6B4607ED}.Debug|ARM64.Build.0 = Debug|ARM64
		{87A276DE-CC6F-4B06-830B-93CC6B4607ED}.Debug|x64.ActiveCfg = Debug|x64
		{87A276DE-CC6F-4B06-830B-93CC6B4607ED}.Debug|x64.Build.0 = Debug|x64
		{87A276DE-CC6F-4B06-830B-93CC6B4607ED}.Debug|x86.ActiveCfg = Debug|Win32
		{87A276DE-CC6F-4B06-830B-93CC6B4607ED}.Debug|x86.Build.0 = Debug|Win32
		{87A276DE-CC6F-4B06-830B-93CC6B4607ED}.Release|ARM.ActiveCfg = Release|ARM
		{87A276DE-CC6F-4B06-830B-93CC6B4607ED}.Release|ARM.Build.0 = Release|ARM
		{87A276DE-CC6F-4B06-830B-93CC6B4607ED}.Release|ARM64.ActiveCfg = Release|ARM64
		{87A276DE-CC6F-4B06-830B-93CC6B4607ED}.Release|ARM64.Build.0 = Release|ARM64
		{87A276DE-CC6F-4B06-830B-93CC6B4607ED}.Release|x64.ActiveCfg = Release|x64
		{87A276DE-CC6F-4B06-830B-93CC6B4607ED}.Release|x64.Build.0 = Release|x64
		{87A276DE-CC6F-4B06-830B-93CC6B4607ED}.Release|x86.ActiveCfg = Release|Win32
		{87A276DE-CC6F-4B06-830B-93CC6B4607ED}.Release|x86.Build.0 = Release|Win32
		{1C779CA8-8077-43AD-83A5-8908042467C6}.Debug|ARM.ActiveCfg = Debug|ARM
		{1C779CA8-8077-43AD-83A5-8908042467C6}.Debug|ARM64.ActiveCfg = Debug|ARM64
		{1C779CA8-8077-43AD-83A5-8908042467C6}.Debug|x64.ActiveCfg = Debug|x64
		{1C779CA8-8077-43AD-83A5-8908042467C6}.Debug|x86.ActiveCfg = Debug|Win32
		{1C779CA8-8077-43AD-83A5-8908042467C6}.Release|ARM.ActiveCfg = Release|ARM
		{1C779CA8-8077-43AD-83A5-8908042467C6}.Release|ARM.Build.0 = Release|ARM
		{1C779CA8-8077-43AD-83A5-8908042467C6}.Release|ARM64.ActiveCfg = Release|ARM64
		{1C779CA8-8077-43AD-83A5-8908042467C6}.Release|ARM64.Build.0 = Release|ARM64
		{1C779CA8-8077-43AD-83A5-8908042467C6}.Release|x64.ActiveCfg = Release|x64
		{1C779CA8-8077-43AD-83A5-8908042467C6}.Release|x64.Build.0 = Release|x64
		{1C779CA8-8077-43AD-83A5-8908042467C6}.Release|x86.ActiveCfg = Release|Win32
		{1C779CA8-8077-43AD-83A5-8908042467C6}.Release|x86.Build.0 = Release|Win32
		{A9096CAB-6157-4ED8-94AA-C66AD8688D3C}.Debug|ARM.ActiveCfg = Debug|ARM
		{A9096CAB-6157-4ED8-94AA-C66AD8688D3C}.Debug|ARM.Build.0 = Debug|ARM
		{A9096CAB-6157-4ED8-94AA-C66AD8688D3C}.Debug|ARM64.ActiveCfg = Debug|ARM64
		{A9096CAB-6157-4ED8-94AA-C66AD8688D3C}.Debug|ARM64.Build.0 = Debug|ARM64
		{A9096CAB-6157-4ED8-94AA-C66AD8688D3C}.Debug|x64.ActiveCfg = Debug|x64
		{A9096CAB-6157-4ED8-94AA-C66AD8688D3C}.Debug|x64.Build.0 = Debug|x64
		{A9096CAB-6157-4ED8-94AA-C66AD8688D3C}.Debug|x86.ActiveCfg = Debug|Win32
		{A9096CAB-6157-4ED8-94AA-C66AD8688D3C}.Debug|x86.Build.0 = Debug|Win32
		{A9096CAB-6157-4ED8-94AA-C66AD8688D3C}.Release|ARM.ActiveCfg = Release|ARM
		{A9096CAB-6157-4ED8-94AA-C66AD8688D3C}.Release|ARM.Build.0 = Release|ARM
		{A9096CAB-6157-4ED8-94AA-C66AD8688D3C}.Release|ARM64.ActiveCfg = Release|ARM64
		{A9096CAB-6157-4ED8-94AA-C66AD8688D3C}.Release|ARM64.Build.0 = Release|ARM64
		{A9096CAB-6157-4ED8-94AA-C66AD8688D3C}.Release|x64.ActiveCfg = Release|x64
		{A9096CAB-6157-4ED8-94AA-C66AD8688D3C}.Release|x64.Build.0 = Release|x64
		{A9096CAB-6157-4ED8-94AA-C66AD8688D3C}.Release|x86.ActiveCfg = Release|Win32
		{A9096CAB-6157-4ED8-94AA-C66AD8688D3C}.Release|x86.Build.0 = Release|Win32
		{DA4CC78F-B152-48B6-AA66-00A5996689A2}.Debug|ARM.ActiveCfg = Debug|ARM
		{DA4CC78F-B152-48B6-AA66-00A5996689A2}.Debug|ARM.Build.0 = Debug|ARM
		{DA4CC78F-B152-48B6-AA66-00A5996689A2}.Debug|ARM64.ActiveCfg = Debug|ARM64
		{DA4CC78F-B152-48B6-AA66-00A5996689A2}.Debug|ARM64.Build.0 = Debug|ARM64
		{DA4CC78F-B152-48B6-AA66-00A5996689A2}.Debug|x64.ActiveCfg = Debug|x64
		{DA4CC78F-B152-48B6-AA66-00A5996689A2}.Debug|x64.Build.0 = Debug|x64
		{DA4CC78F-B152-48B6-AA66-00A5996689A2}.Debug|x86.ActiveCfg = Debug|Win32
		{DA4CC78F-B152-48B6-AA66-00A5996689A2}.Debug|x86.Build.0 = Debug|Win32
		{DA4CC78F-B152-48B6-AA66-00A5996689A2}.Release|ARM.ActiveCfg = Release|ARM
		{DA4CC78F-B152-48B6-AA66-00A5996689A2}.Release|ARM.Build.0 = Release|ARM
		{DA4CC78F-B152-48B6-AA66-00A5996689A2}.Release|ARM64.ActiveCfg = Release|ARM64
		{DA4CC78F-B152-48B6-AA66-00A5996689A2}.Release|ARM64.Build.0 = Release|ARM64
		{DA4CC78F-B152-48B6-AA66-00A5996689A2}.Release|x64.ActiveCfg = Release|x64
		{DA4CC78F-B152-48B6-AA66-00A5996689A2}.Release|x64.Build.0 = Release|x64
		{DA4CC78F-B152-48B6-AA66-00A5996689A2}.Release|x86.ActiveCfg = Release|Win32
		{DA4CC78F-B152-48B6-AA66-00A5996689A2}.Release|x86.Build.0 = Release|Win32
		{235F5985-D002-4E3E-8B5C-D51BA6B4BBE7}.Debug|ARM.ActiveCfg = Debug|ARM
		{235F5985-D002-4E3E-8B5C-D51BA6B4BBE7}.Debug|ARM.Build.0 = Debug|ARM
		{235F5985-D002-4E3E-8B5C-D51BA6B4BBE7}.Debug|ARM64.ActiveCfg = Debug|ARM64
		{235F5985-D002-4E3E-8B5C-D51BA6B4BBE7}.Debug|ARM64.Build.0 = Debug|ARM64
		{235F5985-D002-4E3E-8B5C-D51BA6B4BBE7}.Debug|x64.ActiveCfg = Debug|x64
		{235F5985-D002-4E3E-8B5C-D51BA6B4BBE7}.Debug|x64.Build.0 = Debug|x64
		{235F5985-D002-4E3E-8B5C-D51BA6B4BBE7}.Debug|x86.ActiveCfg = Debug|Win32
		{235F5985-D002-4E3E-8B5C-D51BA6B4BBE7}.Debug|x86.Build.0 = Debug|Win32
		{235F5985-D002-4E3E-8B5C-D51BA6B4BBE7}.Release|ARM.ActiveCfg = Release|ARM
		{235F5985-D002-4E3E-8B5C-D51BA6B4BBE7}.Release|ARM.Build.0 = Release|ARM
		{235F5985-D002-4E3E-8B5C-D51BA6B4BBE7}.Release|ARM64.ActiveCfg = Release|ARM64
		{235F5985-D002-4E3E-8B5C-D51BA6B4BBE7}.Release|ARM64.Build.0 = Release|ARM64
		{235F5985-D002-4E3E-8B5C-D51BA6B4BBE7}.Release|x64.ActiveCfg = Release|x64
		{235F5985-D002-4E3E-8B5C-D51BA6B4BBE7}.Release|x64.Build.0 = Release|x64
		{235F5985-D002-4E3E-8B5C-D51BA6B4BBE7}.Release|x86.ActiveCfg = Release|Win32
		{235F5985-D002-4E3E-8B5C-D51BA6B4BBE7}.Release|x86.Build.0 = Release|Win32
		{A03966D1-4449-4586-9185-3B70B8B72AD0}.Debug|ARM.ActiveCfg = Debug|ARM
		{A03966D1-4449-4586-9185-3B70B8B72AD0}.Debug|ARM.Build.0 = Debug|ARM
		{A03966D1-4449-4586-9185-3B70B8B72AD0}.Debug|ARM64.ActiveCfg = Debug|ARM64
		{A03966D1-4449-4586-9185-3B70B8B72AD0}.Debug|ARM64.Build.0 = Debug|ARM64
		{A03966D1-4449-4586-9185-3B70B8B72AD0}.Debug|x64.ActiveCfg = Debug|x64
		{A03966D1-4449-4586-9185-3B70B8B72AD0}.Debug|x64.Build.0 = Debug|x64
		{A03966D1-4449-4586-9185-3B70B8B72AD0}.Debug|x86.ActiveCfg = Debug|Win32
		{A03966D1-4449-4586-9185-3B70B8B72AD0}.Debug|x86.Build.0 = Debug|Win32
		{A03966D1-4449-4586-9185-3B70B8B72AD0}.Release|ARM.ActiveCfg = Release|ARM
		{A03966D1-4449-4586-9185-3B70B8B72AD0}.Release|ARM.Build.0 = Release|ARM
		{A03966D1-4449-4586-9185-3B70B8B72AD0}.Release|ARM64.ActiveCfg = Release|ARM64
		{A03966D1-4449-4586-9185-3B70B8B72AD0}.Release|ARM64.Build.0 = Release|ARM64
		{A03966D1-4449-4586-9185-3B70B8B72AD0}.Release|x64.ActiveCfg = Release|x64
		{A03966D1-4449-4586-9185-3B70B8B72AD0}.Release|x64.Build.0 = Release|x64
		{A03966D1-4449-4586-9185-3B70B8B72AD0}.Release|x86.ActiveCfg = Release|Win32
		{A03966D1-4449-4586-9185-3B70B8B72AD0}.Release|x86.Build.0 = Release|Win32
		{28DBB968-31B2-4016-A127-EDA8DAD09303}.Debug|ARM.ActiveCfg = Debug|ARM
		{28DBB968-31B2-4016-A127-EDA8DAD09303}.Debug|ARM.Build.0 = Debug|ARM
		{28DBB968-31B2-4016-A127-EDA8DAD09303}.Debug|ARM64.ActiveCfg = Debug|ARM64
		{28DBB968-31B2-4016-A127-EDA8DAD09303}.Debug|ARM64.Build.0 = Debug|ARM64
		{28DBB968-31B2-4016-A127-EDA8DAD09303}.Debug|x64.ActiveCfg = Debug|x64
		{28DBB968-31B2-4016-A127-EDA8DAD09303}.Debug|x64.Build.0 = Debug|x64
		{28DBB968-31B2-4016-A127-EDA8DAD09303}.Debug|x86.ActiveCfg = Debug|Win32
		{28DBB968-31B2-4016-A127-EDA8DAD09303}.Debug|x86.Build.0 = Debug|Win32
		{28DBB968-31B2-4016-A127-EDA8DAD09303}.Release|ARM.ActiveCfg = Release|ARM
		{28DBB968-31B2-4016-A127-EDA8DAD09303}.Release|ARM.Build.0 = Release|ARM
		{28DBB968-31B2-4016-A127-EDA8DAD09303}.Release|ARM64.ActiveCfg = Release|ARM64
		{28DBB968-31B2-4016-A127-EDA8DAD09303}.Release|ARM64.Build.0 = Release|ARM64
		{28DBB968-31B2-4016-A127-EDA8DAD09303}.Release|x64.ActiveCfg = Release|x64
		{28DBB968-31B2-4016-A127-EDA8DAD09303}.Release|x64.Build.0 = Release|x64
		{28DBB968-31B2-4016-A127-EDA8DAD09303}.Release|x86.ActiveCfg = Release|Win32
		{28DBB968-31B2-4016-A127-EDA8DAD09303}.Release|x86.Build.0 = Release|Win32
		{667742F0-9DE5-46A7-B9CD-07776617E3D4}.Debug|ARM.ActiveCfg = Debug|ARM
		{667742F0-9DE5-46A7-B9CD-07776617E3D4}.Debug|ARM.Build.0 = Debug|ARM
		{667742F0-9DE5-46A7-B9CD-07776617E3D4}.Debug|ARM64.ActiveCfg = Debug|ARM64
		{667742F0-9DE5-46A7-B9CD-07776617E3D4}.Debug|ARM64.Build.0 = Debug|ARM64
		{667742F0-9DE5-46A7-B9CD-07776617E3D4}.Debug|x64.ActiveCfg = Debug|x64
		{667742F0-9DE5-46A7-B9CD-07776617E3D4}.Debug|x64.Build.0 = Debug|x64
		{667742F0-9DE5-46A7-B9CD-07776617E3D4}.Debug|x86.ActiveCfg = Debug|Win32
		{667742F0-9DE5-46A7-B9CD-07776617E3D4}.Debug|x86.Build.0 = Debug|Win32
		{667742F0-9DE5-46A7-B9CD-07776617E3D4}.Release|ARM.ActiveCfg = Release|ARM
		{667742F0-9DE5-46A7-B9CD-07776617E3D4}.Release|ARM.Build.0 = Release|ARM
		{667742F0-9DE5-46A7-B9CD-07776617E3D4}.Release|ARM64.ActiveCfg = Release|ARM64
		{667742F0-9DE5-46A7-B9CD-07776617E3D4}.Release|ARM64.Build.0 = Release|ARM64
		{667742F0-9DE5-46A7-B9CD-07776617E3D4}.Release|x64.ActiveCfg = Release|x64
		{667742F0-9DE5-46A7-B9CD-07776617E3D4}.Release|x64.Build.0 = Release|x64
		{667742F0-9DE5-46A7-B9CD-07776617E3D4}.Release|x86.ActiveCfg = Release|Win32
		{667742F0-9DE5-46A7-B9CD-07776617E3D4}.Release|x86.Build.0 = Release|Win32
		{24A96CB6-8A8E-4A57-9D90-31E6AEABDA49}.Debug|ARM.ActiveCfg = Debug|ARM
		{24A96CB6-8A8E-4A57-9D90-31E6AEABDA49}.Debug|ARM.Build.0 = Debug|ARM
		{24A96CB6-8A8E-4A57-9D90-31E6AEABDA49}.Debug|ARM64.ActiveCfg = Debug|ARM64
		{24A96CB6-8A8E-4A57-9D90-31E6AEABDA49}.Debug|ARM64.Build.0 = Debug|ARM64
		{24A96CB6-8A8E-4A57-9D90-31E6AEABDA49}.Debug|x64.ActiveCfg = Debug|x64
		{24A96CB6-8A8E-4A57-9D90-31E6AEABDA49}.Debug|x64.Build.0 = Debug|x64
		{24A96CB6-8A8E-4A57-9D90-31E6AEABDA49}.Debug|x86.ActiveCfg = Debug|Win32
		{24A96CB6-8A8E-4A57-9D90-31E6AEABDA49}.Debug|x86.Build.0 = Debug|Win32
		{24A96CB6-8A8E-4A57-9D90-31E6AEABDA49}.Release|ARM.ActiveCfg = Release|ARM
		{24A96CB6-8A8E-4A57-9D90-31E6AEABDA49}.Release|ARM.Build.0 = Release|ARM
		{24A96CB6-8A8E-4A57-9D90-31E6AEABDA49}.Release|ARM64.ActiveCfg = Release|ARM64
		{24A96CB6-8A8E-4A57-9D90-31E6AEABDA49}.Release|ARM64.Build.0 = Release|ARM64
		{24A96CB6-8A8E-4A57-9D90-31E6AEABDA49}.Release|x64.ActiveCfg = Release|x64
		{24A96CB6-8A8E-4A57-9D90-31E6AEABDA49}.Release|x64.Build.0 = Release|x64
		{24A96CB6-8A8E-4A57-9D90-31E6AEABDA49}.Release|x86.ActiveCfg = Release|Win32
		{24A96CB6-8A8E-4A57-9D90-31E6AEABDA49}.Release|x86.Build.0 = Release|Win32
		{70D8ED40-C65A-44D1-B718-E9331ADFC989}.Debug|ARM.ActiveCfg = Debug|ARM
		{70D8ED40-C65A-44D1-B718-E9331ADFC989}.Debug|ARM.Build.0 = Debug|ARM
		{70D8ED40-C65A-44D1-B718-E9331ADFC989}.Debug|ARM64.ActiveCfg = Debug|ARM64
		{70D8ED40-C65A-44D1-B718-E9331ADFC989}.Debug|ARM64.Build.0 = Debug|ARM64
		{70D8ED40-C65A-44D1-B718-E9331ADFC989}.Debug|x64.ActiveCfg = Debug|x64
		{70D8ED40-C65A-44D1-B718-E9331ADFC989}.Debug|x64.Build.0 = Debug|x64
		{70D8ED40-C65A-44D1-B718-E9331ADFC989}.Debug|x86.ActiveCfg = Debug|Win32
		{70D8ED40-C65A-44D1-B718-E9331ADFC989}.Debug|x86.Build.0 = Debug|Win32
		{70D8ED40-C65A-44D1-B718-E9331ADFC989}.Release|ARM.ActiveCfg = Release|ARM
		{70D8ED40-C65A-44D1-B718-E9331ADFC989}.Release|ARM.Build.0 = Release|ARM
		{70D8ED40-C65A-44D1-B718-E9331ADFC989}.Release|ARM64.ActiveCfg = Release|ARM64
		{70D8ED40-C65A-44D1-B718-E9331ADFC989}.Release|ARM64.Build.0 = Release|ARM64
		{70D8ED40-C65A-44D1-B718-E9331ADFC989}.Release|x64.ActiveCfg = Release|x64
		{70D8ED40-C65A-44D1-B718-E9331ADFC989}.Release|x64.Build.0 = Release|x64
		{70D8ED40-C65A-44D1-B718-E9331ADFC989}.Release|x86.ActiveCfg = Release|Win32
		{70D8ED40-C65A-44D1-B718-E9331ADFC989}.Release|x86.Build.0 = Release|Win32
		{A8EFCD07-9FA4-4E94-AFE2-3ED6B0700653}.Debug|ARM.ActiveCfg = Debug|ARM
		{A8EFCD07-9FA4-4E94-AFE2-3ED6B0700653}.Debug|ARM.Build.0 = Debug|ARM
		{A8EFCD07-9FA4-4E94-AFE2-3ED6B0700653}.Debug|ARM64.ActiveCfg = Debug|ARM64
		{A8EFCD07-9FA4-4E94-AFE2-3ED6B0700653}.Debug|ARM64.Build.0 = Debug|ARM64
		{A8EFCD07-9FA4-4E94-AFE2-3ED6B0700653}.Debug|x64.ActiveCfg = Debug|x64
		{A8EFCD07-9FA4-4E94-AFE2-3ED6B0700653}.Debug|x64.Build.0 = Debug|x64
		{A8EFCD07-9FA4-4E94-AFE2-3ED6B0700653}.Debug|x86.ActiveCfg = Debug|Win32
		{A8EFCD07-9FA4-4E94-AFE2-3ED6B0700653}.Debug|x86.Build.0 = Debug|Win32
		{A8EFCD07-9FA4-4E94-AFE2-3ED6B0700653}.Release|ARM.ActiveCfg = Release|ARM
		{A8EFCD07-9FA4-4E94-AFE2-3ED6B0700653}.Release|ARM.Build.0 = Release|ARM
		{A8EFCD07-9FA4-4E94-AFE2-3ED6B0700653}.Release|ARM64.ActiveCfg = Release|ARM64
		{A8EFCD07-9FA4-4E94-AFE2-3ED6B0700653}.Release|ARM64.Build.0 = Release|ARM64
		{A8EFCD07-9FA4-4E94-AFE2-3ED6B0700653}.Release|x64.ActiveCfg = Release|x64
		{A8EFCD07-9FA4-4E94-AFE2-3ED6B0700653}.Release|x64.Build.0 = Release|x64
		{A8EFCD07-9FA4-4E94-AFE2-3ED6B0700653}.Release|x86.ActiveCfg = Release|Win32
		{A8EFCD07-9FA4-4E94-AFE2-3ED6B0700653}.Release|x86.Build.0 = Release|Win32
		{DA1EF55E-BD72-4A55-9EEA-AC192F00DF79}.Debug|ARM.ActiveCfg = Debug|ARM
		{DA1EF55E-BD72-4A55-9EEA-AC192F00DF79}.Debug|ARM.Build.0 = Debug|ARM
		{DA1EF55E-BD72-4A55-9EEA-AC192F00DF79}.Debug|ARM64.ActiveCfg = Debug|ARM64
		{DA1EF55E-BD72-4A55-9EEA-AC192F00DF79}.Debug|ARM64.Build.0 = Debug|ARM64
		{DA1EF55E-BD72-4A55-9EEA-AC192F00DF79}.Debug|x64.ActiveCfg = Debug|x64
		{DA1EF55E-BD72-4A55-9EEA-AC192F00DF79}.Debug|x64.Build.0 = Debug|x64
		{DA1EF55E-BD72-4A55-9EEA-AC192F00DF79}.Debug|x86.ActiveCfg = Debug|Win32
		{DA1EF55E-BD72-4A55-9EEA-AC192F00DF79}.Debug|x86.Build.0 = Debug|Win32
		{DA1EF55E-BD72-4A55-9EEA-AC192F00DF79}.Release|ARM.ActiveCfg = Release|ARM
		{DA1EF55E-BD72-4A55-9EEA-AC192F00DF79}.Release|ARM.Build.0 = Release|ARM
		{DA1EF55E-BD72-4A55-9EEA-AC192F00DF79}.Release|ARM64.ActiveCfg = Release|ARM64
		{DA1EF55E-BD72-4A55-9EEA-AC192F00DF79}.Release|ARM64.Build.0 = Release|ARM64
		{DA1EF55E-BD72-4A55-9EEA-AC192F00DF79}.Release|x64.ActiveCfg = Release|x64
		{DA1EF55E-BD72-4A55-9EEA-AC192F00DF79}.Release|x64.Build.0 = Release|x64
		{DA1EF55E-BD72-4A55-9EEA-AC192F00DF79}.Release|x86.ActiveCfg = Release|Win32
		{DA1EF55E-BD72-4A55-9EEA-AC192F00DF79}.Release|x86.Build.0 = Release|Win32
		{6B1B4EC5-93BF-4991-8C13-5C826A9D7D24}.Debug|ARM.ActiveCfg = Debug|ARM
		{6B1B4EC5-93BF-4991-8C13-5C826A9D7D24}.Debug|ARM.Deploy.0 = Debug|ARM
		{6B1B4EC5-93BF-4991-8C13-5C826A9D7D24}.Debug|ARM64.ActiveCfg = Debug|ARM64
		{6B1B4EC5-93BF-4991-8C13-5C826A9D7D24}.Debug|x64.ActiveCfg = Debug|x64
		{6B1B4EC5-93BF-4991-8C13-5C826A9D7D24}.Debug|x86.ActiveCfg = Debug|Win32
		{6B1B4EC5-93BF-4991-8C13-5C826A9D7D24}.Release|ARM.ActiveCfg = Release|ARM
		{6B1B4EC5-93BF-4991-8C13-5C826A9D7D24}.Release|ARM.Build.0 = Release|ARM
		{6B1B4EC5-93BF-4991-8C13-5C826A9D7D24}.Release|ARM64.ActiveCfg = Release|ARM64
		{6B1B4EC5-93BF-4991-8C13-5C826A9D7D24}.Release|ARM64.Build.0 = Release|ARM64
		{6B1B4EC5-93BF-4991-8C13-5C826A9D7D24}.Release|x64.ActiveCfg = Release|x64
		{6B1B4EC5-93BF-4991-8C13-5C826A9D7D24}.Release|x64.Build.0 = Release|x64
		{6B1B4EC5-93BF-4991-8C13-5C826A9D7D24}.Release|x86.ActiveCfg = Release|Win32
		{6B1B4EC5-93BF-4991-8C13-5C826A9D7D24}.Release|x86.Build.0 = Release|Win32
		{C6740C73-A5A4-4FD6-A1ED-DE0EEEF6E618}.Debug|ARM.ActiveCfg = Debug|ARM
		{C6740C73-A5A4-4FD6-A1ED-DE0EEEF6E618}.Debug|ARM.Build.0 = Debug|ARM
		{C6740C73-A5A4-4FD6-A1ED-DE0EEEF6E618}.Debug|ARM64.ActiveCfg = Debug|ARM64
		{C6740C73-A5A4-4FD6-A1ED-DE0EEEF6E618}.Debug|ARM64.Build.0 = Debug|ARM64
		{C6740C73-A5A4-4FD6-A1ED-DE0EEEF6E618}.Debug|x64.ActiveCfg = Debug|x64
		{C6740C73-A5A4-4FD6-A1ED-DE0EEEF6E618}.Debug|x64.Build.0 = Debug|x64
		{C6740C73-A5A4-4FD6-A1ED-DE0EEEF6E618}.Debug|x86.ActiveCfg = Debug|Win32
		{C6740C73-A5A4-4FD6-A1ED-DE0EEEF6E618}.Debug|x86.Build.0 = Debug|Win32
		{C6740C73-A5A4-4FD6-A1ED-DE0EEEF6E618}.Release|ARM.ActiveCfg = Release|ARM
		{C6740C73-A5A4-4FD6-A1ED-DE0EEEF6E618}.Release|ARM.Build.0 = Release|ARM
		{C6740C73-A5A4-4FD6-A1ED-DE0EEEF6E618}.Release|ARM64.ActiveCfg = Release|ARM64
		{C6740C73-A5A4-4FD6-A1ED-DE0EEEF6E618}.Release|ARM64.Build.0 = Release|ARM64
		{C6740C73-A5A4-4FD6-A1ED-DE0EEEF6E618}.Release|x64.ActiveCfg = Release|x64
		{C6740C73-A5A4-4FD6-A1ED-DE0EEEF6E618}.Release|x64.Build.0 = Release|x64
		{C6740C73-A5A4-4FD6-A1ED-DE0EEEF6E618}.Release|x86.ActiveCfg = Release|Win32
		{C6740C73-A5A4-4FD6-A1ED-DE0EEEF6E618}.Release|x86.Build.0 = Release|Win32
		{6750B814-F742-4B80-B723-DAB94542547C}.Debug|ARM.ActiveCfg = Debug|ARM
		{6750B814-F742-4B80-B723-DAB94542547C}.Debug|ARM.Build.0 = Debug|ARM
		{6750B814-F742-4B80-B723-DAB94542547C}.Debug|ARM64.ActiveCfg = Debug|ARM64
		{6750B814-F742-4B80-B723-DAB94542547C}.Debug|ARM64.Build.0 = Debug|ARM64
		{6750B814-F742-4B80-B723-DAB94542547C}.Debug|x64.ActiveCfg = Debug|x64
		{6750B814-F742-4B80-B723-DAB94542547C}.Debug|x64.Build.0 = Debug|x64
		{6750B814-F742-4B80-B723-DAB94542547C}.Debug|x86.ActiveCfg = Debug|Win32
		{6750B814-F742-4B80-B723-DAB94542547C}.Debug|x86.Build.0 = Debug|Win32
		{6750B814-F742-4B80-B723-DAB94542547C}.Release|ARM.ActiveCfg = Release|ARM
		{6750B814-F742-4B80-B723-DAB94542547C}.Release|ARM.Build.0 = Release|ARM
		{6750B814-F742-4B80-B723-DAB94542547C}.Release|ARM64.ActiveCfg = Release|ARM64
		{6750B814-F742-4B80-B723-DAB94542547C}.Release|ARM64.Build.0 = Release|ARM64
		{6750B814-F742-4B80-B723-DAB94542547C}.Release|x64.ActiveCfg = Release|x64
		{6750B814-F742-4B80-B723-DAB94542547C}.Release|x64.Build.0 = Release|x64
		{6750B814-F742-4B80-B723-DAB94542547C}.Release|x86.ActiveCfg = Release|Win32
		{6750B814-F742-4B80-B723-DAB94542547C}.Release|x86.Build.0 = Release|Win32
		{35D67842-A951-4EEE-97BF-551924A66D4E}.Debug|ARM.ActiveCfg = Debug|ARM
		{35D67842-A951-4EEE-97BF-551924A66D4E}.Debug|ARM.Build.0 = Debug|ARM
		{35D67842-A951-4EEE-97BF-551924A66D4E}.Debug|ARM64.ActiveCfg = Debug|ARM64
		{35D67842-A951-4EEE-97BF-551924A66D4E}.Debug|ARM64.Build.0 = Debug|ARM64
		{35D67842-A951-4EEE-97BF-551924A66D4E}.Debug|x64.ActiveCfg = Debug|x64
		{35D67842-A951-4EEE-97BF-551924A66D4E}.Debug|x64.Build.0 = Debug|x64
		{35D67842-A951-4EEE-97BF-551924A66D4E}.Debug|x86.ActiveCfg = Debug|Win32
		{35D67842-A951-4EEE-97BF-551924A66D4E}.Debug|x86.Build.0 = Debug|Win32
		{35D67842-A951-4EEE-97BF-551924A66D4E}.Release|ARM.ActiveCfg = Release|ARM
		{35D67842-A951-4EEE-97BF-551924A66D4E}.Release|ARM.Build.0 = Release|ARM
		{35D67842-A951-4EEE-97BF-551924A66D4E}.Release|ARM64.ActiveCfg = Release|ARM64
		{35D67842-A951-4EEE-97BF-551924A66D4E}.Release|ARM64.Build.0 = Release|ARM64
		{35D67842-A951-4EEE-97BF-551924A66D4E}.Release|x64.ActiveCfg = Release|x64
		{35D67842-A951-4EEE-97BF-551924A66D4E}.Release|x64.Build.0 = Release|x64
		{35D67842-A951-4EEE-97BF-551924A66D4E}.Release|x86.ActiveCfg = Release|Win32
		{35D67842-A951-4EEE-97BF-551924A66D4E}.Release|x86.Build.0 = Release|Win32
		{5E66DF76-852F-46E6-B7DD-C3F90637EE2A}.Debug|ARM.ActiveCfg = Debug|ARM
		{5E66DF76-852F-46E6-B7DD-C3F90637EE2A}.Debug|ARM64.ActiveCfg = Debug|ARM64
		{5E66DF76-852F-46E6-B7DD-C3F90637EE2A}.Debug|x64.ActiveCfg = Debug|x64
		{5E66DF76-852F-46E6-B7DD-C3F90637EE2A}.Debug|x86.ActiveCfg = Debug|Win32
		{5E66DF76-852F-46E6-B7DD-C3F90637EE2A}.Release|ARM.ActiveCfg = Release|ARM
		{5E66DF76-852F-46E6-B7DD-C3F90637EE2A}.Release|ARM.Build.0 = Release|ARM
		{5E66DF76-852F-46E6-B7DD-C3F90637EE2A}.Release|ARM64.ActiveCfg = Release|ARM64
		{5E66DF76-852F-46E6-B7DD-C3F90637EE2A}.Release|ARM64.Build.0 = Release|ARM64
		{5E66DF76-852F-46E6-B7DD-C3F90637EE2A}.Release|x64.ActiveCfg = Release|x64
		{5E66DF76-852F-46E6-B7DD-C3F90637EE2A}.Release|x64.Build.0 = Release|x64
		{5E66DF76-852F-46E6-B7DD-C3F90637EE2A}.Release|x86.ActiveCfg = Release|Win32
		{5E66DF76-852F-46E6-B7DD-C3F90637EE2A}.Release|x86.Build.0 = Release|Win32
		{482C88F0-A346-4138-BA50-29D7A8B0B9B0}.Debug|ARM.ActiveCfg = Debug|ARM
		{482C88F0-A346-4138-BA50-29D7A8B0B9B0}.Debug|ARM.Build.0 = Debug|ARM
		{482C88F0-A346-4138-BA50-29D7A8B0B9B0}.Debug|ARM64.ActiveCfg = Debug|ARM64
		{482C88F0-A346-4138-BA50-29D7A8B0B9B0}.Debug|ARM64.Build.0 = Debug|ARM64
		{482C88F0-A346-4138-BA50-29D7A8B0B9B0}.Debug|x64.ActiveCfg = Debug|x64
		{482C88F0-A346-4138-BA50-29D7A8B0B9B0}.Debug|x64.Build.0 = Debug|x64
		{482C88F0-A346-4138-BA50-29D7A8B0B9B0}.Debug|x86.ActiveCfg = Debug|Win32
		{482C88F0-A346-4138-BA50-29D7A8B0B9B0}.Debug|x86.Build.0 = Debug|Win32
		{482C88F0-A346-4138-BA50-29D7A8B0B9B0}.Release|ARM.ActiveCfg = Release|ARM
		{482C88F0-A346-4138-BA50-29D7A8B0B9B0}.Release|ARM.Build.0 = Release|ARM
		{482C88F0-A346-4138-BA50-29D7A8B0B9B0}.Release|ARM64.ActiveCfg = Release|ARM64
		{482C88F0-A346-4138-BA50-29D7A8B0B9B0}.Release|ARM64.Build.0 = Release|ARM64
		{482C88F0-A346-4138-BA50-29D7A8B0B9B0}.Release|x64.ActiveCfg = Release|x64
		{482C88F0-A346-4138-BA50-29D7A8B0B9B0}.Release|x64.Build.0 = Release|x64
		{482C88F0-A346-4138-BA50-29D7A8B0B9B0}.Release|x86.ActiveCfg = Release|Win32
		{482C88F0-A346-4138-BA50-29D7A8B0B9B0}.Release|x86.Build.0 = Release|Win32
		{5B6B6F2A-5F3B-4496-99E8-E1F55BC370E9}.Debug|ARM.ActiveCfg = Debug|ARM
		{5B6B6F2A-5F3B-4496-99E8-E1F55BC370E9}.Debug|ARM.Build.0 = Debug|ARM
		{5B6B6F2A-5F3B-4496-99E8-E1F55BC370E9}.Debug|ARM64.ActiveCfg = Debug|ARM64
		{5B6B6F2A-5F3B-4496-99E8-E1F55BC370E9}.Debug|ARM64.Build.0 = Debug|ARM64
		{5B6B6F2A-5F3B-4496-99E8-E1F55BC370E9}.Debug|x64.ActiveCfg = Debug|x64
		{5B6B6F2A-5F3B-4496-99E8-E1F55BC370E9}.Debug|x64.Build.0 = Debug|x64
		{5B6B6F2A-5F3B-4496-99E8-E1F55BC370E9}.Debug|x86.ActiveCfg = Debug|Win32
		{5B6B6F2A-5F3B-4496-99E8-E1F55BC370E9}.Debug|x86.Build.0 = Debug|Win32
		{5B6B6F2A-5F3B-4496-99E8-E1F55BC370E9}.Release|ARM.ActiveCfg = Release|ARM
		{5B6B6F2A-5F3B-4496-99E8-E1F55BC370E9}.Release|ARM.Build.0 = Release|ARM
		{5B6B6F2A-5F3B-4496-99E8-E1F55BC370E9}.Release|ARM64.ActiveCfg = Release|ARM64
		{5B6B6F2A-5F3B-4496-99E8-E1F55BC370E9}.Release|ARM64.Build.0 = Release|ARM64
		{5B6B6F2A-5F3B-4496-99E8-E1F55BC370E9}.Release|x64.ActiveCfg = Release|x64
		{5B6B6F2A-5F3B-4496-99E8-E1F55BC370E9}.Release|x64.Build.0 = Release|x64
		{5B6B6F2A-5F3B-4496-99E8-E1F55BC370E9}.Release|x86.ActiveCfg = Release|Win32
		{5B6B6F2A-5F3B-4496-99E8-E1F55BC370E9}.Release|x86.Build.0 = Release|Win32
		{6E274A04-4DE2-4D7B-86AF-8512E89C338E}.Debug|ARM.ActiveCfg = Debug|ARM
		{6E274A04-4DE2-4D7B-86AF-8512E89C338E}.Debug|ARM.Build.0 = Debug|ARM
		{6E274A04-4DE2-4D7B-86AF-8512E89C338E}.Debug|ARM64.ActiveCfg = Debug|ARM64
		{6E274A04-4DE2-4D7B-86AF-8512E89C338E}.Debug|ARM64.Build.0 = Debug|ARM64
		{6E274A04-4DE2-4D7B-86AF-8512E89C338E}.Debug|x64.ActiveCfg = Debug|x64
		{6E274A04-4DE2-4D7B-86AF-8512E89C338E}.Debug|x64.Build.0 = Debug|x64
		{6E274A04-4DE2-4D7B-86AF-8512E89C338E}.Debug|x86.ActiveCfg = Debug|Win32
		{6E274A04-4DE2-4D7B-86AF-8512E89C338E}.Debug|x86.Build.0 = Debug|Win32
		{6E274A04-4DE2-4D7B-86AF-8512E89C338E}.Release|ARM.ActiveCfg = Release|ARM
		{6E274A04-4DE2-4D7B-86AF-8512E89C338E}.Release|ARM.Build.0 = Release|ARM
		{6E274A04-4DE2-4D7B-86AF-8512E89C338E}.Release|ARM64.ActiveCfg = Release|ARM64
		{6E274A04-4DE2-4D7B-86AF-8512E89C338E}.Release|ARM64.Build.0 = Release|ARM64
		{6E274A04-4DE2-4D7B-86AF-8512E89C338E}.Release|x64.ActiveCfg = Release|x64
		{6E274A04-4DE2-4D7B-86AF-8512E89C338E}.Release|x64.Build.0 = Release|x64
		{6E274A04-4DE2-4D7B-86AF-8512E89C338E}.Release|x86.ActiveCfg = Release|Win32
		{6E274A04-4DE2-4D7B-86AF-8512E89C338E}.Release|x86.Build.0 = Release|Win32
		{F3CCCE19-61F1-4C0E-BCB6-DED29355B278}.Debug|ARM.ActiveCfg = Debug|ARM
		{F3CCCE19-61F1-4C0E-BCB6-DED29355B278}.Debug|ARM.Build.0 = Debug|ARM
		{F3CCCE19-61F1-4C0E-BCB6-DED29355B278}.Debug|ARM64.ActiveCfg = Debug|ARM64
		{F3CCCE19-61F1-4C0E-BCB6-DED29355B278}.Debug|ARM64.Build.0 = Debug|ARM64
		{F3CCCE19-61F1-4C0E-BCB6-DED29355B278}.Debug|x64.ActiveCfg = Debug|x64
		{F3CCCE19-61F1-4C0E-BCB6-DED29355B278}.Debug|x64.Build.0 = Debug|x64
		{F3CCCE19-61F1-4C0E-BCB6-DED29355B278}.Debug|x86.ActiveCfg = Debug|Win32
		{F3CCCE19-61F1-4C0E-BCB6-DED29355B278}.Debug|x86.Build.0 = Debug|Win32
		{F3CCCE19-61F1-4C0E-BCB6-DED29355B278}.Release|ARM.ActiveCfg = Release|ARM
		{F3CCCE19-61F1-4C0E-BCB6-DED29355B278}.Release|ARM.Build.0 = Release|ARM
		{F3CCCE19-61F1-4C0E-BCB6-DED29355B278}.Release|ARM64.ActiveCfg = Release|ARM64
		{F3CCCE19-61F1-4C0E-BCB6-DED29355B278}.Release|ARM64.Build.0 = Release|ARM64
		{F3CCCE19-61F1-4C0E-BCB6-DED29355B278}.Release|x64.ActiveCfg = Release|x64
		{F3CCCE19-61F1-4C0E-BCB6-DED29355B278}.Release|x64.Build.0 = Release|x64
		{F3CCCE19-61F1-4C0E-BCB6-DED29355B278}.Release|x86.ActiveCfg = Release|Win32
		{F3CCCE19-61F1-4C0E-BCB6-DED29355B278}.Release|x86.Build.0 = Release|Win32
		{326F89E8-67F0-497C-BE78-7E028C4FDFD6}.Debug|ARM.ActiveCfg = Debug|ARM
		{326F89E8-67F0-497C-BE78-7E028C4FDFD6}.Debug|ARM.Build.0 = Debug|ARM
		{326F89E8-67F0-497C-BE78-7E028C4FDFD6}.Debug|ARM64.ActiveCfg = Debug|ARM64
		{326F89E8-67F0-497C-BE78-7E028C4FDFD6}.Debug|ARM64.Build.0 = Debug|ARM64
		{326F89E8-67F0-497C-BE78-7E028C4FDFD6}.Debug|x64.ActiveCfg = Debug|x64
		{326F89E8-67F0-497C-BE78-7E028C4FDFD6}.Debug|x64.Build.0 = Debug|x64
		{326F89E8-67F0-497C-BE78-7E028C4FDFD6}.Debug|x86.ActiveCfg = Debug|Win32
		{326F89E8-67F0-497C-BE78-7E028C4FDFD6}.Debug|x86.Build.0 = Debug|Win32
		{326F89E8-67F0-497C-BE78-7E028C4FDFD6}.Release|ARM.ActiveCfg = Release|ARM
		{326F89E8-67F0-497C-BE78-7E028C4FDFD6}.Release|ARM.Build.0 = Release|ARM
		{326F89E8-67F0-497C-BE78-7E028C4FDFD6}.Release|ARM64.ActiveCfg = Release|ARM64
		{326F89E8-67F0-497C-BE78-7E028C4FDFD6}.Release|ARM64.Build.0 = Release|ARM64
		{326F89E8-67F0-497C-BE78-7E028C4FDFD6}.Release|x64.ActiveCfg = Release|x64
		{326F89E8-67F0-497C-BE78-7E028C4FDFD6}.Release|x64.Build.0 = Release|x64
		{326F89E8-67F0-497C-BE78-7E028C4FDFD6}.Release|x86.ActiveCfg = Release|Win32
		{326F89E8-67F0-497C-BE78-7E028C4FDFD6}.Release|x86.Build.0 = Release|Win32
		{6C7E06B5-78D4-4231-B46F-D6A754DE118A}.Debug|ARM.ActiveCfg = Debug|ARM
		{6C7E06B5-78D4-4231-B46F-D6A754DE118A}.Debug|ARM.Build.0 = Debug|ARM
		{6C7E06B5-78D4-4231-B46F-D6A754DE118A}.Debug|ARM64.ActiveCfg = Debug|ARM64
		{6C7E06B5-78D4-4231-B46F-D6A754DE118A}.Debug|ARM64.Build.0 = Debug|ARM64
		{6C7E06B5-78D4-4231-B46F-D6A754DE118A}.Debug|x64.ActiveCfg = Debug|x64
		{6C7E06B5-78D4-4231-B46F-D6A754DE118A}.Debug|x64.Build.0 = Debug|x64
		{6C7E06B5-78D4-4231-B46F-D6A754DE118A}.Debug|x86.ActiveCfg = Debug|Win32
		{6C7E06B5-78D4-4231-B46F-D6A754DE118A}.Debug|x86.Build.0 = Debug|Win32
		{6C7E06B5-78D4-4231-B46F-D6A754DE118A}.Release|ARM.ActiveCfg = Release|ARM
		{6C7E06B5-78D4-4231-B46F-D6A754DE118A}.Release|ARM.Build.0 = Release|ARM
		{6C7E06B5-78D4-4231-B46F-D6A754DE118A}.Release|ARM64.ActiveCfg = Release|ARM64
		{6C7E06B5-78D4-4231-B46F-D6A754DE118A}.Release|ARM64.Build.0 = Release|ARM64
		{6C7E06B5-78D4-4231-B46F-D6A754DE118A}.Release|x64.ActiveCfg = Release|x64
		{6C7E06B5-78D4-4231-B46F-D6A754DE118A}.Release|x64.Build.0 = Release|x64
		{6C7E06B5-78D4-4231-B46F-D6A754DE118A}.Release|x86.ActiveCfg = Release|Win32
		{6C7E06B5-78D4-4231-B46F-D6A754DE118A}.Release|x86.Build.0 = Release|Win32
		{B6891AD2-71C2-44B7-9403-DD3BB839B126}.Debug|ARM.ActiveCfg = Debug|ARM
		{B6891AD2-71C2-44B7-9403-DD3BB839B126}.Debug|ARM.Build.0 = Debug|ARM
		{B6891AD2-71C2-44B7-9403-DD3BB839B126}.Debug|ARM64.ActiveCfg = Debug|ARM64
		{B6891AD2-71C2-44B7-9403-DD3BB839B126}.Debug|ARM64.Build.0 = Debug|ARM64
		{B6891AD2-71C2-44B7-9403-DD3BB839B126}.Debug|x64.ActiveCfg = Debug|x64
		{B6891AD2-71C2-44B7-9403-DD3BB839B126}.Debug|x64.Build.0 = Debug|x64
		{B6891AD2-71C2-44B7-9403-DD3BB839B126}.Debug|x86.ActiveCfg = Debug|Win32
		{B6891AD2-71C2-44B7-9403-DD3BB839B126}.Debug|x86.Build.0 = Debug|Win32
		{B6891AD2-71C2-44B7-9403-DD3BB839B126}.Release|ARM.ActiveCfg = Release|ARM
		{B6891AD2-71C2-44B7-9403-DD3BB839B126}.Release|ARM.Build.0 = Release|ARM
		{B6891AD2-71C2-44B7-9403-DD3BB839B126}.Release|ARM64.ActiveCfg = Release|ARM64
		{B6891AD2-71C2-44B7-9403-DD3BB839B126}.Release|ARM64.Build.0 = Release|ARM64
		{B6891AD2-71C2-44B7-9403-DD3BB839B126}.Release|x64.ActiveCfg = Release|x64
		{B6891AD2-71C2-44B7-9403-DD3BB839B126}.Release|x64.Build.0 = Release|x64
		{B6891AD2-71C2-44B7-9403-DD3BB839B126}.Release|x86.ActiveCfg = Release|Win32
		{B6891AD2-71C2-44B7-9403-DD3BB839B126}.Release|x86.Build.0 = Release|Win32
		{0FFBECB4-FAF1-456D-9304-4A7A13AEADB5}.Debug|ARM.ActiveCfg = Debug|ARM
		{0FFBECB4-FAF1-456D-9304-4A7A13AEADB5}.Debug|ARM.Build.0 = Debug|ARM
		{0FFBECB4-FAF1-456D-9304-4A7A13AEADB5}.Debug|ARM64.ActiveCfg = Debug|ARM64
		{0FFBECB4-FAF1-456D-9304-4A7A13AEADB5}.Debug|ARM64.Build.0 = Debug|ARM64
		{0FFBECB4-FAF1-456D-9304-4A7A13AEADB5}.Debug|x64.ActiveCfg = Debug|x64
		{0FFBECB4-FAF1-456D-9304-4A7A13AEADB5}.Debug|x64.Build.0 = Debug|x64
		{0FFBECB4-FAF1-456D-9304-4A7A13AEADB5}.Debug|x86.ActiveCfg = Debug|Win32
		{0FFBECB4-FAF1-456D-9304-4A7A13AEADB5}.Debug|x86.Build.0 = Debug|Win32
		{0FFBECB4-FAF1-456D-9304-4A7A13AEADB5}.Release|ARM.ActiveCfg = Release|ARM
		{0FFBECB4-FAF1-456D-9304-4A7A13AEADB5}.Release|ARM.Build.0 = Release|ARM
		{0FFBECB4-FAF1-456D-9304-4A7A13AEADB5}.Release|ARM64.ActiveCfg = Release|ARM64
		{0FFBECB4-FAF1-456D-9304-4A7A13AEADB5}.Release|ARM64.Build.0 = Release|ARM64
		{0FFBECB4-FAF1-456D-9304-4A7A13AEADB5}.Release|x64.ActiveCfg = Release|x64
		{0FFBECB4-FAF1-456D-9304-4A7A13AEADB5}.Release|x64.Build.0 = Release|x64
		{0FFBECB4-FAF1-456D-9304-4A7A13AEADB5}.Release|x86.ActiveCfg = Release|Win32
		{0FFBECB4-FAF1-456D-9304-4A7A13AEADB5}.Release|x86.Build.0 = Release|Win32
		{C51923CD-B052-48F6-A9E2-FFC2E4CC1C00}.Debug|ARM.ActiveCfg = Debug|ARM
		{C51923CD-B052-48F6-A9E2-FFC2E4CC1C00}.Debug|ARM.Build.0 = Debug|ARM
		{C51923CD-B052-48F6-A9E2-FFC2E4CC1C00}.Debug|ARM64.ActiveCfg = Debug|ARM64
		{C51923CD-B052-48F6-A9E2-FFC2E4CC1C00}.Debug|ARM64.Build.0 = Debug|ARM64
		{C51923CD-B052-48F6-A9E2-FFC2E4CC1C00}.Debug|x64.ActiveCfg = Debug|x64
		{C51923CD-B052-48F6-A9E2-FFC2E4CC1C00}.Debug|x64.Build.0 = Debug|x64
		{C51923CD-B052-48F6-A9E2-FFC2E4CC1C00}.Debug|x86.ActiveCfg = Debug|Win32
		{C51923CD-B052-48F6-A9E2-FFC2E4CC1C00}.Debug|x86.Build.0 = Debug|Win32
		{C51923CD-B052-48F6-A9E2-FFC2E4CC1C00}.Release|ARM.ActiveCfg = Release|ARM
		{C51923CD-B052-48F6-A9E2-FFC2E4CC1C00}.Release|ARM.Build.0 = Release|ARM
		{C51923CD-B052-48F6-A9E2-FFC2E4CC1C00}.Release|ARM64.ActiveCfg = Release|ARM64
		{C51923CD-B052-48F6-A9E2-FFC2E4CC1C00}.Release|ARM64.Build.0 = Release|ARM64
		{C51923CD-B052-48F6-A9E2-FFC2E4CC1C00}.Release|x64.ActiveCfg = Release|x64
		{C51923CD-B052-48F6-A9E2-FFC2E4CC1C00}.Release|x64.Build.0 = Release|x64
		{C51923CD-B052-48F6-A9E2-FFC2E4CC1C00}.Release|x86.ActiveCfg = Release|Win32
		{C51923CD-B052-48F6-A9E2-FFC2E4CC1C00}.Release|x86.Build.0 = Release|Win32
	EndGlobalSection
	GlobalSection(SolutionProperties) = preSolution
		HideSolutionNode = FALSE
	EndGlobalSection
	GlobalSection(NestedProjects) = preSolution
		{1C779CA8-8077-43AD-83A5-8908042467C6} = {C9EAD422-9C7A-41B4-8871-0A9024AA231A}
		{4A4A25EC-E7EC-416C-8C53-9165E6219515} = {11B55E83-A009-49C5-8903-197D317E04E9}
		{59E094EA-3396-41B0-AC94-C029FE6A69D5} = {11B55E83-A009-49C5-8903-197D317E04E9}
		{A9096CAB-6157-4ED8-94AA-C66AD8688D3C} = {59E094EA-3396-41B0-AC94-C029FE6A69D5}
		{232F4457-075D-4BEE-9D99-795B7B7BA5C7} = {11B55E83-A009-49C5-8903-197D317E04E9}
		{DA4CC78F-B152-48B6-AA66-00A5996689A2} = {232F4457-075D-4BEE-9D99-795B7B7BA5C7}
		{235F5985-D002-4E3E-8B5C-D51BA6B4BBE7} = {59E094EA-3396-41B0-AC94-C029FE6A69D5}
		{A03966D1-4449-4586-9185-3B70B8B72AD0} = {59E094EA-3396-41B0-AC94-C029FE6A69D5}
		{28DBB968-31B2-4016-A127-EDA8DAD09303} = {59E094EA-3396-41B0-AC94-C029FE6A69D5}
		{667742F0-9DE5-46A7-B9CD-07776617E3D4} = {59E094EA-3396-41B0-AC94-C029FE6A69D5}
		{24A96CB6-8A8E-4A57-9D90-31E6AEABDA49} = {232F4457-075D-4BEE-9D99-795B7B7BA5C7}
		{70D8ED40-C65A-44D1-B718-E9331ADFC989} = {232F4457-075D-4BEE-9D99-795B7B7BA5C7}
		{40D5A6B8-BACB-4802-BC77-BDD6E9F40B67} = {11B55E83-A009-49C5-8903-197D317E04E9}
		{A8EFCD07-9FA4-4E94-AFE2-3ED6B0700653} = {40D5A6B8-BACB-4802-BC77-BDD6E9F40B67}
		{DA1EF55E-BD72-4A55-9EEA-AC192F00DF79} = {59E094EA-3396-41B0-AC94-C029FE6A69D5}
		{C9EAD422-9C7A-41B4-8871-0A9024AA231A} = {11B55E83-A009-49C5-8903-197D317E04E9}
		{6B1B4EC5-93BF-4991-8C13-5C826A9D7D24} = {C9EAD422-9C7A-41B4-8871-0A9024AA231A}
		{C19BFA22-7C63-4647-8D8A-BA543566BDC4} = {11B55E83-A009-49C5-8903-197D317E04E9}
		{C6740C73-A5A4-4FD6-A1ED-DE0EEEF6E618} = {C9EAD422-9C7A-41B4-8871-0A9024AA231A}
		{6750B814-F742-4B80-B723-DAB94542547C} = {C19BFA22-7C63-4647-8D8A-BA543566BDC4}
		{35D67842-A951-4EEE-97BF-551924A66D4E} = {40D5A6B8-BACB-4802-BC77-BDD6E9F40B67}
		{5E66DF76-852F-46E6-B7DD-C3F90637EE2A} = {C9EAD422-9C7A-41B4-8871-0A9024AA231A}
		{482C88F0-A346-4138-BA50-29D7A8B0B9B0} = {40D5A6B8-BACB-4802-BC77-BDD6E9F40B67}
		{5B6B6F2A-5F3B-4496-99E8-E1F55BC370E9} = {4A4A25EC-E7EC-416C-8C53-9165E6219515}
		{6E274A04-4DE2-4D7B-86AF-8512E89C338E} = {4A4A25EC-E7EC-416C-8C53-9165E6219515}
		{F3CCCE19-61F1-4C0E-BCB6-DED29355B278} = {4A4A25EC-E7EC-416C-8C53-9165E6219515}
		{326F89E8-67F0-497C-BE78-7E028C4FDFD6} = {4A4A25EC-E7EC-416C-8C53-9165E6219515}
		{6C7E06B5-78D4-4231-B46F-D6A754DE118A} = {4A4A25EC-E7EC-416C-8C53-9165E6219515}
		{B6891AD2-71C2-44B7-9403-DD3BB839B126} = {59E094EA-3396-41B0-AC94-C029FE6A69D5}
		{0FFBECB4-FAF1-456D-9304-4A7A13AEADB5} = {40D5A6B8-BACB-4802-BC77-BDD6E9F40B67}
		{C51923CD-B052-48F6-A9E2-FFC2E4CC1C00} = {40D5A6B8-BACB-4802-BC77-BDD6E9F40B67}
	EndGlobalSection
	GlobalSection(ExtensibilityGlobals) = postSolution
		SolutionGuid = {EA4BEA5C-16F6-46D1-92B9-5BBFAC374DF4}
	EndGlobalSection
EndGlobal
