
Microsoft Visual Studio Solution File, Format Version 12.00
# Visual Studio Version 16
VisualStudioVersion = 16.0.29509.3
MinimumVisualStudioVersion = 10.0.40219.1
Project("{8BC9CEB8-8B4A-11D0-8D11-00A0C91BC942}") = "agressor_exe", "agressor_exe.vcxproj", "{6B1B4EC5-93BF-4991-8C13-5C826A9D7D24}"
EndProject
Global
	GlobalSection(SolutionConfigurationPlatforms) = preSolution
		Debug|ARM = Debug|ARM
		Debug|ARM64 = Debug|ARM64
		Debug|x64 = Debug|x64
		Debug|x86 = Debug|x86
		Release|ARM = Release|ARM
		Release|ARM64 = Release|ARM64
		Release|x64 = Release|x64
		Release|x86 = Release|x86
	EndGlobalSection
	GlobalSection(ProjectConfigurationPlatforms) = postSolution
		{6B1B4EC5-93BF-4991-8C13-5C826A9D7D24}.Debug|ARM.ActiveCfg = Debug|ARM64
		{6B1B4EC5-93BF-4991-8C13-5C826A9D7D24}.Debug|ARM.Build.0 = Debug|ARM64
		{6B1B4EC5-93BF-4991-8C13-5C826A9D7D24}.Debug|ARM.Deploy.0 = Debug|ARM64
		{6B1B4EC5-93BF-4991-8C13-5C826A9D7D24}.Debug|ARM64.ActiveCfg = Debug|ARM64
		{6B1B4EC5-93BF-4991-8C13-5C826A9D7D24}.Debug|ARM64.Build.0 = Debug|ARM64
		{6B1B4EC5-93BF-4991-8C13-5C826A9D7D24}.Debug|ARM64.Deploy.0 = Debug|ARM64
		{6B1B4EC5-93BF-4991-8C13-5C826A9D7D24}.Debug|x64.ActiveCfg = Debug|x64
		{6B1B4EC5-93BF-4991-8C13-5C826A9D7D24}.Debug|x64.Build.0 = Debug|x64
		{6B1B4EC5-93BF-4991-8C13-5C826A9D7D24}.Debug|x86.ActiveCfg = Debug|Win32
		{6B1B4EC5-93BF-4991-8C13-5C826A9D7D24}.Debug|x86.Build.0 = Debug|Win32
		{6B1B4EC5-93BF-4991-8C13-5C826A9D7D24}.Release|ARM.ActiveCfg = Release|ARM
		{6B1B4EC5-93BF-4991-8C13-5C826A9D7D24}.Release|ARM.Build.0 = Release|ARM
		{6B1B4EC5-93BF-4991-8C13-5C826A9D7D24}.Release|ARM64.ActiveCfg = Release|ARM
		{6B1B4EC5-93BF-4991-8C13-5C826A9D7D24}.Release|ARM64.Build.0 = Release|ARM
		{6B1B4EC5-93BF-4991-8C13-5C826A9D7D24}.Release|x64.ActiveCfg = Release|x64
		{6B1B4EC5-93BF-4991-8C13-5C826A9D7D24}.Release|x64.Build.0 = Release|x64
		{6B1B4EC5-93BF-4991-8C13-5C826A9D7D24}.Release|x86.ActiveCfg = Release|Win32
		{6B1B4EC5-93BF-4991-8C13-5C826A9D7D24}.Release|x86.Build.0 = Release|Win32
	EndGlobalSection
	GlobalSection(SolutionProperties) = preSolution
		HideSolutionNode = FALSE
	EndGlobalSection
	GlobalSection(ExtensibilityGlobals) = postSolution
		SolutionGuid = {A2F8FF6A-5D23-493B-8F51-BE91C6ADC11D}
	EndGlobalSection
EndGlobal
